
Microsoft Visual Studio Solution File, Format Version 12.00
# Visual Studio Version 17
VisualStudioVersion = 17.10.34928.147
MinimumVisualStudioVersion = 10.0.40219.1
Project("{FAE04EC0-301F-11D3-BF4B-00C04F79EFBC}") = "Api", "Api\Api.csproj", "{12284B12-F9DF-467E-9128-FF0511298B66}"
EndProject
Global
	GlobalSection(SolutionConfigurationPlatforms) = preSolution
		Debug|Any CPU = Debug|Any CPU
		Release|Any CPU = Release|Any CPU
	EndGlobalSection
	GlobalSection(ProjectConfigurationPlatforms) = postSolution
		{12284B12-F9DF-467E-9128-FF0511298B66}.Debug|Any CPU.ActiveCfg = Debug|Any CPU
		{12284B12-F9DF-467E-9128-FF0511298B66}.Debug|Any CPU.Build.0 = Debug|Any CPU
		{12284B12-F9DF-467E-9128-FF0511298B66}.Release|Any CPU.ActiveCfg = Release|Any CPU
		{12284B12-F9DF-467E-9128-FF0511298B66}.Release|Any CPU.Build.0 = Release|Any CPU
	EndGlobalSection
	GlobalSection(SolutionProperties) = preSolution
		HideSolutionNode = FALSE
	EndGlobalSection
	GlobalSection(ExtensibilityGlobals) = postSolution
		SolutionGuid = {A722EE09-2E61-4D43-9228-DEAF07FE3D47}
	EndGlobalSection
EndGlobal
